Microsoft Visual Studio Solution File, Format Version 12.00
# Visual Studio Version 17
VisualStudioVersion = 17.5.2.0
MinimumVisualStudioVersion = 10.0.40219.1
Project("{2150E333-8FDC-42A3-9474-1A3956D46DE8}") = "StaticArrays", "StaticArrays", "{398FCDA2-29AD-BA5E-21C8-A2E78AB4A383}"
EndProject
Project("{FAE04EC0-301F-11D3-BF4B-00C04F79EFBC}") = "StaticArrayProject", "StaticArrays\StaticArrayProject\StaticArrayProject.csproj", "{C1090738-385A-384D-CECA-DDE1C78B8800}"
EndProject
Global
	GlobalSection(SolutionConfigurationPlatforms) = preSolution
		Debug|Any CPU = Debug|Any CPU
		Release|Any CPU = Release|Any CPU
	EndGlobalSection
	GlobalSection(ProjectConfigurationPlatforms) = postSolution
		{C1090738-385A-384D-CECA-DDE1C78B8800}.Debug|Any CPU.ActiveCfg = Debug|Any CPU
		{C1090738-385A-384D-CECA-DDE1C78B8800}.Debug|Any CPU.Build.0 = Debug|Any CPU
		{C1090738-385A-384D-CECA-DDE1C78B8800}.Release|Any CPU.ActiveCfg = Release|Any CPU
		{C1090738-385A-384D-CECA-DDE1C78B8800}.Release|Any CPU.Build.0 = Release|Any CPU
	EndGlobalSection
	GlobalSection(SolutionProperties) = preSolution
		HideSolutionNode = FALSE
	EndGlobalSection
	GlobalSection(NestedProjects) = preSolution
		{C1090738-385A-384D-CECA-DDE1C78B8800} = {398FCDA2-29AD-BA5E-21C8-A2E78AB4A383}
	EndGlobalSection
	GlobalSection(ExtensibilityGlobals) = postSolution
		SolutionGuid = {76BF6290-1D57-4E0D-9D06-ECFE7FF5AD2B}
	EndGlobalSection
EndGlobal
